
Microsoft Visual Studio Solution File, Format Version 12.00
# Visual Studio 15
VisualStudioVersion = 15.0.27428.2027
MinimumVisualStudioVersion = 10.0.40219.1
Project("{FAE04EC0-301F-11D3-BF4B-00C04F79EFBC}") = "Palindrome", "Palindrome\Palindrome.csproj", "{2EA9456F-C98A-4881-AB8D-5E8F8CA4C047}"
EndProject
Project("{9A19103F-16F7-4668-BE54-9A1E7A4F7556}") = "PerfectNumber", "..\PerfectNumber\PerfectNumber\PerfectNumber.csproj", "{3622747B-4071-4D45-8EB0-9219BFEEA753}"
EndProject
Global
	GlobalSection(SolutionConfigurationPlatforms) = preSolution
		Debug|Any CPU = Debug|Any CPU
		Release|Any CPU = Release|Any CPU
	EndGlobalSection
	GlobalSection(ProjectConfigurationPlatforms) = postSolution
		{2EA9456F-C98A-4881-AB8D-5E8F8CA4C047}.Debug|Any CPU.ActiveCfg = Debug|Any CPU
		{2EA9456F-C98A-4881-AB8D-5E8F8CA4C047}.Debug|Any CPU.Build.0 = Debug|Any CPU
		{2EA9456F-C98A-4881-AB8D-5E8F8CA4C047}.Release|Any CPU.ActiveCfg = Release|Any CPU
		{2EA9456F-C98A-4881-AB8D-5E8F8CA4C047}.Release|Any CPU.Build.0 = Release|Any CPU
		{3622747B-4071-4D45-8EB0-9219BFEEA753}.Debug|Any CPU.ActiveCfg = Debug|Any CPU
		{3622747B-4071-4D45-8EB0-9219BFEEA753}.Debug|Any CPU.Build.0 = Debug|Any CPU
		{3622747B-4071-4D45-8EB0-9219BFEEA753}.Release|Any CPU.ActiveCfg = Release|Any CPU
		{3622747B-4071-4D45-8EB0-9219BFEEA753}.Release|Any CPU.Build.0 = Release|Any CPU
	EndGlobalSection
	GlobalSection(SolutionProperties) = preSolution
		HideSolutionNode = FALSE
	EndGlobalSection
	GlobalSection(ExtensibilityGlobals) = postSolution
		SolutionGuid = {68628441-D32A-4E2D-B067-7F1313C30D9A}
	EndGlobalSection
EndGlobal
