
Microsoft Visual Studio Solution File, Format Version 12.00
# Visual Studio 15
VisualStudioVersion = 15.0.27428.2027
MinimumVisualStudioVersion = 10.0.40219.1
Project("{FAE04EC0-301F-11D3-BF4B-00C04F79EFBC}") = "Animales", "Animales\Animales.csproj", "{FFC8CF7E-EC8C-40D6-87EA-E6BA487A5A07}"
EndProject
Global
	GlobalSection(SolutionConfigurationPlatforms) = preSolution
		Debug|Any CPU = Debug|Any CPU
		Release|Any CPU = Release|Any CPU
	EndGlobalSection
	GlobalSection(ProjectConfigurationPlatforms) = postSolution
		{FFC8CF7E-EC8C-40D6-87EA-E6BA487A5A07}.Debug|Any CPU.ActiveCfg = Debug|Any CPU
		{FFC8CF7E-EC8C-40D6-87EA-E6BA487A5A07}.Debug|Any CPU.Build.0 = Debug|Any CPU
		{FFC8CF7E-EC8C-40D6-87EA-E6BA487A5A07}.Release|Any CPU.ActiveCfg = Release|Any CPU
		{FFC8CF7E-EC8C-40D6-87EA-E6BA487A5A07}.Release|Any CPU.Build.0 = Release|Any CPU
	EndGlobalSection
	GlobalSection(SolutionProperties) = preSolution
		HideSolutionNode = FALSE
	EndGlobalSection
	GlobalSection(ExtensibilityGlobals) = postSolution
		SolutionGuid = {11764D89-C749-4B23-A9CF-AC36B14FC8A3}
	EndGlobalSection
EndGlobal
