
Microsoft Visual Studio Solution File, Format Version 12.00
# Visual Studio 15
VisualStudioVersion = 15.0.27428.2027
MinimumVisualStudioVersion = 10.0.40219.1
Project("{FAE04EC0-301F-11D3-BF4B-00C04F79EFBC}") = "PuntuacionesPromedio", "PuntuacionesPromedio\PuntuacionesPromedio.csproj", "{9089E803-FD22-4697-A704-2ACCD104BF10}"
EndProject
Global
	GlobalSection(SolutionConfigurationPlatforms) = preSolution
		Debug|Any CPU = Debug|Any CPU
		Release|Any CPU = Release|Any CPU
	EndGlobalSection
	GlobalSection(ProjectConfigurationPlatforms) = postSolution
		{9089E803-FD22-4697-A704-2ACCD104BF10}.Debug|Any CPU.ActiveCfg = Debug|Any CPU
		{9089E803-FD22-4697-A704-2ACCD104BF10}.Debug|Any CPU.Build.0 = Debug|Any CPU
		{9089E803-FD22-4697-A704-2ACCD104BF10}.Release|Any CPU.ActiveCfg = Release|Any CPU
		{9089E803-FD22-4697-A704-2ACCD104BF10}.Release|Any CPU.Build.0 = Release|Any CPU
	EndGlobalSection
	GlobalSection(SolutionProperties) = preSolution
		HideSolutionNode = FALSE
	EndGlobalSection
	GlobalSection(ExtensibilityGlobals) = postSolution
		SolutionGuid = {2DDBA4D0-A6A2-4684-822A-A8F83810E394}
	EndGlobalSection
EndGlobal
