
Microsoft Visual Studio Solution File, Format Version 12.00
# Visual Studio 15
VisualStudioVersion = 15.0.27428.2027
MinimumVisualStudioVersion = 10.0.40219.1
Project("{FAE04EC0-301F-11D3-BF4B-00C04F79EFBC}") = "JuegoAleatorio", "JuegoAleatorio\JuegoAleatorio.csproj", "{9EF097F1-9D1C-4E81-AF9B-CD4B2AD1240A}"
EndProject
Global
	GlobalSection(SolutionConfigurationPlatforms) = preSolution
		Debug|Any CPU = Debug|Any CPU
		Release|Any CPU = Release|Any CPU
	EndGlobalSection
	GlobalSection(ProjectConfigurationPlatforms) = postSolution
		{9EF097F1-9D1C-4E81-AF9B-CD4B2AD1240A}.Debug|Any CPU.ActiveCfg = Debug|Any CPU
		{9EF097F1-9D1C-4E81-AF9B-CD4B2AD1240A}.Debug|Any CPU.Build.0 = Debug|Any CPU
		{9EF097F1-9D1C-4E81-AF9B-CD4B2AD1240A}.Release|Any CPU.ActiveCfg = Release|Any CPU
		{9EF097F1-9D1C-4E81-AF9B-CD4B2AD1240A}.Release|Any CPU.Build.0 = Release|Any CPU
	EndGlobalSection
	GlobalSection(SolutionProperties) = preSolution
		HideSolutionNode = FALSE
	EndGlobalSection
	GlobalSection(ExtensibilityGlobals) = postSolution
		SolutionGuid = {CFE915BF-8D86-4E73-BF76-3B2B68C4664D}
	EndGlobalSection
EndGlobal
