
Microsoft Visual Studio Solution File, Format Version 12.00
# Visual Studio 15
VisualStudioVersion = 15.0.27428.2027
MinimumVisualStudioVersion = 10.0.40219.1
Project("{FAE04EC0-301F-11D3-BF4B-00C04F79EFBC}") = "Conversiones", "Conversiones\Conversiones.csproj", "{C570D9F7-5508-41DD-8AAD-9401A3A9AAAD}"
EndProject
Global
	GlobalSection(SolutionConfigurationPlatforms) = preSolution
		Debug|Any CPU = Debug|Any CPU
		Release|Any CPU = Release|Any CPU
	EndGlobalSection
	GlobalSection(ProjectConfigurationPlatforms) = postSolution
		{C570D9F7-5508-41DD-8AAD-9401A3A9AAAD}.Debug|Any CPU.ActiveCfg = Debug|Any CPU
		{C570D9F7-5508-41DD-8AAD-9401A3A9AAAD}.Debug|Any CPU.Build.0 = Debug|Any CPU
		{C570D9F7-5508-41DD-8AAD-9401A3A9AAAD}.Release|Any CPU.ActiveCfg = Release|Any CPU
		{C570D9F7-5508-41DD-8AAD-9401A3A9AAAD}.Release|Any CPU.Build.0 = Release|Any CPU
	EndGlobalSection
	GlobalSection(SolutionProperties) = preSolution
		HideSolutionNode = FALSE
	EndGlobalSection
	GlobalSection(ExtensibilityGlobals) = postSolution
		SolutionGuid = {EE0065D4-E940-4077-967C-E31CE8BF7689}
	EndGlobalSection
EndGlobal
