
Microsoft Visual Studio Solution File, Format Version 12.00
# Visual Studio 15
VisualStudioVersion = 15.0.27428.2027
MinimumVisualStudioVersion = 10.0.40219.1
Project("{FAE04EC0-301F-11D3-BF4B-00C04F79EFBC}") = "Practica2", "Practica2\Practica2.csproj", "{4953C36A-5865-42D9-8DB7-8D3E7CC32F1F}"
EndProject
Global
	GlobalSection(SolutionConfigurationPlatforms) = preSolution
		Debug|Any CPU = Debug|Any CPU
		Release|Any CPU = Release|Any CPU
	EndGlobalSection
	GlobalSection(ProjectConfigurationPlatforms) = postSolution
		{4953C36A-5865-42D9-8DB7-8D3E7CC32F1F}.Debug|Any CPU.ActiveCfg = Debug|Any CPU
		{4953C36A-5865-42D9-8DB7-8D3E7CC32F1F}.Debug|Any CPU.Build.0 = Debug|Any CPU
		{4953C36A-5865-42D9-8DB7-8D3E7CC32F1F}.Release|Any CPU.ActiveCfg = Release|Any CPU
		{4953C36A-5865-42D9-8DB7-8D3E7CC32F1F}.Release|Any CPU.Build.0 = Release|Any CPU
	EndGlobalSection
	GlobalSection(SolutionProperties) = preSolution
		HideSolutionNode = FALSE
	EndGlobalSection
	GlobalSection(ExtensibilityGlobals) = postSolution
		SolutionGuid = {B5B31A6D-55BA-4C47-B6DD-18B2335935B5}
	EndGlobalSection
EndGlobal
