
Microsoft Visual Studio Solution File, Format Version 12.00
# Visual Studio 15
VisualStudioVersion = 15.0.27428.2027
MinimumVisualStudioVersion = 10.0.40219.1
Project("{FAE04EC0-301F-11D3-BF4B-00C04F79EFBC}") = "DecimalToRomanNumber", "DecimalToRomanNumber\DecimalToRomanNumber.csproj", "{8AD8E00E-A46B-4E0F-9AAC-E04C5AD9ABC5}"
EndProject
Global
	GlobalSection(SolutionConfigurationPlatforms) = preSolution
		Debug|Any CPU = Debug|Any CPU
		Release|Any CPU = Release|Any CPU
	EndGlobalSection
	GlobalSection(ProjectConfigurationPlatforms) = postSolution
		{8AD8E00E-A46B-4E0F-9AAC-E04C5AD9ABC5}.Debug|Any CPU.ActiveCfg = Debug|Any CPU
		{8AD8E00E-A46B-4E0F-9AAC-E04C5AD9ABC5}.Debug|Any CPU.Build.0 = Debug|Any CPU
		{8AD8E00E-A46B-4E0F-9AAC-E04C5AD9ABC5}.Release|Any CPU.ActiveCfg = Release|Any CPU
		{8AD8E00E-A46B-4E0F-9AAC-E04C5AD9ABC5}.Release|Any CPU.Build.0 = Release|Any CPU
	EndGlobalSection
	GlobalSection(SolutionProperties) = preSolution
		HideSolutionNode = FALSE
	EndGlobalSection
	GlobalSection(ExtensibilityGlobals) = postSolution
		SolutionGuid = {79F0AD7F-C380-42BE-8B1E-B882081F091E}
	EndGlobalSection
EndGlobal
