
Microsoft Visual Studio Solution File, Format Version 12.00
# Visual Studio 15
VisualStudioVersion = 15.0.27428.2027
MinimumVisualStudioVersion = 10.0.40219.1
Project("{FAE04EC0-301F-11D3-BF4B-00C04F79EFBC}") = "Constructores", "Constructores\Constructores.csproj", "{00D81C68-6A55-4F61-9AEF-558C793558E7}"
EndProject
Global
	GlobalSection(SolutionConfigurationPlatforms) = preSolution
		Debug|Any CPU = Debug|Any CPU
		Release|Any CPU = Release|Any CPU
	EndGlobalSection
	GlobalSection(ProjectConfigurationPlatforms) = postSolution
		{00D81C68-6A55-4F61-9AEF-558C793558E7}.Debug|Any CPU.ActiveCfg = Debug|Any CPU
		{00D81C68-6A55-4F61-9AEF-558C793558E7}.Debug|Any CPU.Build.0 = Debug|Any CPU
		{00D81C68-6A55-4F61-9AEF-558C793558E7}.Release|Any CPU.ActiveCfg = Release|Any CPU
		{00D81C68-6A55-4F61-9AEF-558C793558E7}.Release|Any CPU.Build.0 = Release|Any CPU
	EndGlobalSection
	GlobalSection(SolutionProperties) = preSolution
		HideSolutionNode = FALSE
	EndGlobalSection
	GlobalSection(ExtensibilityGlobals) = postSolution
		SolutionGuid = {7D7592DC-36B5-47DD-A702-004125B0A505}
	EndGlobalSection
EndGlobal
